
Microsoft Visual Studio Solution File, Format Version 12.00
# Visual Studio 14
VisualStudioVersion = 14.0.25420.1
MinimumVisualStudioVersion = 10.0.40219.1
Project("{FAE04EC0-301F-11D3-BF4B-00C04F79EFBC}") = "LenguajesAvanzados.Web", "LenguajesAvanzados\LenguajesAvanzados.Web.csproj", "{1CE155AB-B176-44A4-BDD1-F8DC4CF082C9}"
EndProject
Project("{FAE04EC0-301F-11D3-BF4B-00C04F79EFBC}") = "LenguajesAvanzados.Core", "LenguajesAvanzados.Core\LenguajesAvanzados.Core.csproj", "{B0692E2D-00F9-4D13-A938-24D603ABC467}"
EndProject
Project("{FAE04EC0-301F-11D3-BF4B-00C04F79EFBC}") = "LenguajesAvanzados.Repository", "LenguajesAvanzados.Repository\LenguajesAvanzados.Repository.csproj", "{18D5ACE1-C3BF-402D-A8F7-0F7AFE8B84DB}"
EndProject
Project("{FAE04EC0-301F-11D3-BF4B-00C04F79EFBC}") = "LenguajesAvanzados.Mapper", "LenguajesAvanzados.Mapper\LenguajesAvanzados.Mapper.csproj", "{0DB73C8A-7480-43D1-A94B-45885C94801D}"
EndProject
Global
	GlobalSection(SolutionConfigurationPlatforms) = preSolution
		Debug|Any CPU = Debug|Any CPU
		Release|Any CPU = Release|Any CPU
	EndGlobalSection
	GlobalSection(ProjectConfigurationPlatforms) = postSolution
		{1CE155AB-B176-44A4-BDD1-F8DC4CF082C9}.Debug|Any CPU.ActiveCfg = Debug|Any CPU
		{1CE155AB-B176-44A4-BDD1-F8DC4CF082C9}.Debug|Any CPU.Build.0 = Debug|Any CPU
		{1CE155AB-B176-44A4-BDD1-F8DC4CF082C9}.Release|Any CPU.ActiveCfg = Release|Any CPU
		{1CE155AB-B176-44A4-BDD1-F8DC4CF082C9}.Release|Any CPU.Build.0 = Release|Any CPU
		{B0692E2D-00F9-4D13-A938-24D603ABC467}.Debug|Any CPU.ActiveCfg = Debug|Any CPU
		{B0692E2D-00F9-4D13-A938-24D603ABC467}.Debug|Any CPU.Build.0 = Debug|Any CPU
		{B0692E2D-00F9-4D13-A938-24D603ABC467}.Release|Any CPU.ActiveCfg = Release|Any CPU
		{B0692E2D-00F9-4D13-A938-24D603ABC467}.Release|Any CPU.Build.0 = Release|Any CPU
		{18D5ACE1-C3BF-402D-A8F7-0F7AFE8B84DB}.Debug|Any CPU.ActiveCfg = Debug|Any CPU
		{18D5ACE1-C3BF-402D-A8F7-0F7AFE8B84DB}.Debug|Any CPU.Build.0 = Debug|Any CPU
		{18D5ACE1-C3BF-402D-A8F7-0F7AFE8B84DB}.Release|Any CPU.ActiveCfg = Release|Any CPU
		{18D5ACE1-C3BF-402D-A8F7-0F7AFE8B84DB}.Release|Any CPU.Build.0 = Release|Any CPU
		{0DB73C8A-7480-43D1-A94B-45885C94801D}.Debug|Any CPU.ActiveCfg = Debug|Any CPU
		{0DB73C8A-7480-43D1-A94B-45885C94801D}.Debug|Any CPU.Build.0 = Debug|Any CPU
		{0DB73C8A-7480-43D1-A94B-45885C94801D}.Release|Any CPU.ActiveCfg = Release|Any CPU
		{0DB73C8A-7480-43D1-A94B-45885C94801D}.Release|Any CPU.Build.0 = Release|Any CPU
	EndGlobalSection
	GlobalSection(SolutionProperties) = preSolution
		HideSolutionNode = FALSE
	EndGlobalSection
EndGlobal
